// !$*UTF8*$!
{
	archiveVersion = 1;
	classes = {
	};
	objectVersion = 46;
	objects = {

/* Begin PBXBuildFile section */
		CA3448741B3CC1A200227576 /* main.m in Sources */ = {isa = PBXBuildFile; fileRef = CA3448731B3CC1A200227576 /* main.m */; };
		CA3448771B3CC1A200227576 /* AppDelegate.m in Sources */ = {isa = PBXBuildFile; fileRef = CA3448761B3CC1A200227576 /* AppDelegate.m */; };
		CA34487A1B3CC1A200227576 /* ViewController.m in Sources */ = {isa = PBXBuildFile; fileRef = CA3448791B3CC1A200227576 /* ViewController.m */; };
		CA34487D1B3CC1A200227576 /* Main.storyboard in Resources */ = {isa = PBXBuildFile; fileRef = CA34487B1B3CC1A200227576 /* Main.storyboard */; };
		CA34487F1B3CC1A200227576 /* Images.xcassets in Resources */ = {isa = PBXBuildFile; fileRef = CA34487E1B3CC1A200227576 /* Images.xcassets */; };
		CA3448821B3CC1A200227576 /* LaunchScreen.xib in Resources */ = {isa = PBXBuildFile; fileRef = CA3448801B3CC1A200227576 /* LaunchScreen.xib */; };
		CA34488E1B3CC1A200227576 /* MyWallDraftTests.m in Sources */ = {isa = PBXBuildFile; fileRef = CA34488D1B3CC1A200227576 /* MyWallDraftTests.m */; };
		CA34489C1B3DD35D00227576 /* PlanCell.m in Sources */ = {isa = PBXBuildFile; fileRef = CA34489B1B3DD35D00227576 /* PlanCell.m */; };
		CA4032741B41E05000ADB08C /* Plan.m in Sources */ = {isa = PBXBuildFile; fileRef = CA4032731B41E05000ADB08C /* Plan.m */; };
		CA4032791B41FD9700ADB08C /* thumbnailPlaceHolder.jpg in Resources */ = {isa = PBXBuildFile; fileRef = CA4032781B41FD9700ADB08C /* thumbnailPlaceHolder.jpg */; };
		CA689AF11B3E0C3A008BD7C0 /* CollectionViewController.m in Sources */ = {isa = PBXBuildFile; fileRef = CA689AF01B3E0C3A008BD7C0 /* CollectionViewController.m */; };
/* End PBXBuildFile section */

/* Begin PBXContainerItemProxy section */
		CA3448881B3CC1A200227576 /* PBXContainerItemProxy */ = {
			isa = PBXContainerItemProxy;
			containerPortal = CA3448661B3CC1A200227576 /* Project object */;
			proxyType = 1;
			remoteGlobalIDString = CA34486D1B3CC1A200227576;
			remoteInfo = MyWallDraft;
		};
/* End PBXContainerItemProxy section */

/* Begin PBXFileReference section */
		CA34486E1B3CC1A200227576 /* MyWallDraft.app */ = {isa = PBXFileReference; explicitFileType = wrapper.application; includeInIndex = 0; path = MyWallDraft.app; sourceTree = BUILT_PRODUCTS_DIR; };
		CA3448721B3CC1A200227576 /* Info.plist */ = {isa = PBXFileReference; lastKnownFileType = text.plist.xml; path = Info.plist; sourceTree = "<group>"; };
		CA3448731B3CC1A200227576 /* main.m */ = {isa = PBXFileReference; lastKnownFileType = sourcecode.c.objc; path = main.m; sourceTree = "<group>"; };
		CA3448751B3CC1A200227576 /* AppDelegate.h */ = {isa = PBXFileReference; lastKnownFileType = sourcecode.c.h; path = AppDelegate.h; sourceTree = "<group>"; };
		CA3448761B3CC1A200227576 /* AppDelegate.m */ = {isa = PBXFileReference; lastKnownFileType = sourcecode.c.objc; path = AppDelegate.m; sourceTree = "<group>"; };
		CA3448781B3CC1A200227576 /* ViewController.h */ = {isa = PBXFileReference; lastKnownFileType = sourcecode.c.h; path = ViewController.h; sourceTree = "<group>"; };
		CA3448791B3CC1A200227576 /* ViewController.m */ = {isa = PBXFileReference; lastKnownFileType = sourcecode.c.objc; path = ViewController.m; sourceTree = "<group>"; };
		CA34487C1B3CC1A200227576 /* Base */ = {isa = PBXFileReference; lastKnownFileType = file.storyboard; name = Base; path = Base.lproj/Main.storyboard; sourceTree = "<group>"; };
		CA34487E1B3CC1A200227576 /* Images.xcassets */ = {isa = PBXFileReference; lastKnownFileType = folder.assetcatalog; path = Images.xcassets; sourceTree = "<group>"; };
		CA3448811B3CC1A200227576 /* Base */ = {isa = PBXFileReference; lastKnownFileType = file.xib; name = Base; path = Base.lproj/LaunchScreen.xib; sourceTree = "<group>"; };
		CA3448871B3CC1A200227576 /* MyWallDraftTests.xctest */ = {isa = PBXFileReference; explicitFileType = wrapper.cfbundle; includeInIndex = 0; path = MyWallDraftTests.xctest; sourceTree = BUILT_PRODUCTS_DIR; };
		CA34488C1B3CC1A200227576 /* Info.plist */ = {isa = PBXFileReference; lastKnownFileType = text.plist.xml; path = Info.plist; sourceTree = "<group>"; };
		CA34488D1B3CC1A200227576 /* MyWallDraftTests.m */ = {isa = PBXFileReference; lastKnownFileType = sourcecode.c.objc; path = MyWallDraftTests.m; sourceTree = "<group>"; };
		CA3448971B3CD42F00227576 /* CollectionViewController.h */ = {isa = PBXFileReference; fileEncoding = 4; lastKnownFileType = sourcecode.c.h; path = CollectionViewController.h; sourceTree = "<group>"; };
		CA34489A1B3DD35D00227576 /* PlanCell.h */ = {isa = PBXFileReference; fileEncoding = 4; lastKnownFileType = sourcecode.c.h; path = PlanCell.h; sourceTree = "<group>"; };
		CA34489B1B3DD35D00227576 /* PlanCell.m */ = {isa = PBXFileReference; fileEncoding = 4; lastKnownFileType = sourcecode.c.objc; path = PlanCell.m; sourceTree = "<group>"; };
		CA4032721B41E05000ADB08C /* Plan.h */ = {isa = PBXFileReference; fileEncoding = 4; lastKnownFileType = sourcecode.c.h; path = Plan.h; sourceTree = "<group>"; };
		CA4032731B41E05000ADB08C /* Plan.m */ = {isa = PBXFileReference; fileEncoding = 4; lastKnownFileType = sourcecode.c.objc; path = Plan.m; sourceTree = "<group>"; };
		CA4032781B41FD9700ADB08C /* thumbnailPlaceHolder.jpg */ = {isa = PBXFileReference; lastKnownFileType = image.jpeg; path = thumbnailPlaceHolder.jpg; sourceTree = "<group>"; };
		CA689AF01B3E0C3A008BD7C0 /* CollectionViewController.m */ = {isa = PBXFileReference; fileEncoding = 4; lastKnownFileType = sourcecode.c.objc; path = CollectionViewController.m; sourceTree = "<group>"; };
/* End PBXFileReference section */

/* Begin PBXFrameworksBuildPhase section */
		CA34486B1B3CC1A200227576 /* Frameworks */ = {
			isa = PBXFrameworksBuildPhase;
			buildActionMask = 2147483647;
			files = (
			);
			runOnlyForDeploymentPostprocessing = 0;
		};
		CA3448841B3CC1A200227576 /* Frameworks */ = {
			isa = PBXFrameworksBuildPhase;
			buildActionMask = 2147483647;
			files = (
			);
			runOnlyForDeploymentPostprocessing = 0;
		};
/* End PBXFrameworksBuildPhase section */

/* Begin PBXGroup section */
		CA3448651B3CC1A200227576 = {
			isa = PBXGroup;
			children = (
				CA3448701B3CC1A200227576 /* MyWallDraft */,
				CA34488A1B3CC1A200227576 /* MyWallDraftTests */,
				CA34486F1B3CC1A200227576 /* Products */,
			);
			sourceTree = "<group>";
		};
		CA34486F1B3CC1A200227576 /* Products */ = {
			isa = PBXGroup;
			children = (
				CA34486E1B3CC1A200227576 /* MyWallDraft.app */,
				CA3448871B3CC1A200227576 /* MyWallDraftTests.xctest */,
			);
			name = Products;
			sourceTree = "<group>";
		};
		CA3448701B3CC1A200227576 /* MyWallDraft */ = {
			isa = PBXGroup;
			children = (
				CA3448751B3CC1A200227576 /* AppDelegate.h */,
				CA3448761B3CC1A200227576 /* AppDelegate.m */,
				CA3448781B3CC1A200227576 /* ViewController.h */,
				CA3448791B3CC1A200227576 /* ViewController.m */,
				CA3448971B3CD42F00227576 /* CollectionViewController.h */,
				CA689AF01B3E0C3A008BD7C0 /* CollectionViewController.m */,
				CA34489A1B3DD35D00227576 /* PlanCell.h */,
				CA34489B1B3DD35D00227576 /* PlanCell.m */,
				CA4032721B41E05000ADB08C /* Plan.h */,
				CA4032731B41E05000ADB08C /* Plan.m */,
				CA34487B1B3CC1A200227576 /* Main.storyboard */,
				CA34487E1B3CC1A200227576 /* Images.xcassets */,
				CA3448801B3CC1A200227576 /* LaunchScreen.xib */,
				CA4032771B41E69300ADB08C /* resources */,
				CA3448711B3CC1A200227576 /* Supporting Files */,
			);
			path = MyWallDraft;
			sourceTree = "<group>";
		};
		CA3448711B3CC1A200227576 /* Supporting Files */ = {
			isa = PBXGroup;
			children = (
				CA3448721B3CC1A200227576 /* Info.plist */,
				CA3448731B3CC1A200227576 /* main.m */,
			);
			name = "Supporting Files";
			sourceTree = "<group>";
		};
		CA34488A1B3CC1A200227576 /* MyWallDraftTests */ = {
			isa = PBXGroup;
			children = (
				CA34488D1B3CC1A200227576 /* MyWallDraftTests.m */,
				CA34488B1B3CC1A200227576 /* Supporting Files */,
			);
			path = MyWallDraftTests;
			sourceTree = "<group>";
		};
		CA34488B1B3CC1A200227576 /* Supporting Files */ = {
			isa = PBXGroup;
			children = (
				CA34488C1B3CC1A200227576 /* Info.plist */,
			);
			name = "Supporting Files";
			sourceTree = "<group>";
		};
		CA4032771B41E69300ADB08C /* resources */ = {
			isa = PBXGroup;
			children = (
				CA4032781B41FD9700ADB08C /* thumbnailPlaceHolder.jpg */,
			);
			name = resources;
			sourceTree = "<group>";
		};
/* End PBXGroup section */

/* Begin PBXNativeTarget section */
		CA34486D1B3CC1A200227576 /* MyWallDraft */ = {
			isa = PBXNativeTarget;
			buildConfigurationList = CA3448911B3CC1A200227576 /* Build configuration list for PBXNativeTarget "MyWallDraft" */;
			buildPhases = (
				CA34486A1B3CC1A200227576 /* Sources */,
				CA34486B1B3CC1A200227576 /* Frameworks */,
				CA34486C1B3CC1A200227576 /* Resources */,
			);
			buildRules = (
			);
			dependencies = (
			);
			name = MyWallDraft;
			productName = MyWallDraft;
			productReference = CA34486E1B3CC1A200227576 /* MyWallDraft.app */;
			productType = "com.apple.product-type.application";
		};
		CA3448861B3CC1A200227576 /* MyWallDraftTests */ = {
			isa = PBXNativeTarget;
			buildConfigurationList = CA3448941B3CC1A200227576 /* Build configuration list for PBXNativeTarget "MyWallDraftTests" */;
			buildPhases = (
				CA3448831B3CC1A200227576 /* Sources */,
				CA3448841B3CC1A200227576 /* Frameworks */,
				CA3448851B3CC1A200227576 /* Resources */,
			);
			buildRules = (
			);
			dependencies = (
				CA3448891B3CC1A200227576 /* PBXTargetDependency */,
			);
			name = MyWallDraftTests;
			productName = MyWallDraftTests;
			productReference = CA3448871B3CC1A200227576 /* MyWallDraftTests.xctest */;
			productType = "com.apple.product-type.bundle.unit-test";
		};
/* End PBXNativeTarget section */

/* Begin PBXProject section */
		CA3448661B3CC1A200227576 /* Project object */ = {
			isa = PBXProject;
			attributes = {
				LastUpgradeCheck = 0630;
				ORGANIZATIONNAME = "Jialiang Xiang";
				TargetAttributes = {
					CA34486D1B3CC1A200227576 = {
						CreatedOnToolsVersion = 6.3.1;
					};
					CA3448861B3CC1A200227576 = {
						CreatedOnToolsVersion = 6.3.1;
						TestTargetID = CA34486D1B3CC1A200227576;
					};
				};
			};
			buildConfigurationList = CA3448691B3CC1A200227576 /* Build configuration list for PBXProject "MyWallDraft" */;
			compatibilityVersion = "Xcode 3.2";
			developmentRegion = English;
			hasScannedForEncodings = 0;
			knownRegions = (
				en,
				Base,
			);
			mainGroup = CA3448651B3CC1A200227576;
			productRefGroup = CA34486F1B3CC1A200227576 /* Products */;
			projectDirPath = "";
			projectRoot = "";
			targets = (
				CA34486D1B3CC1A200227576 /* MyWallDraft */,
				CA3448861B3CC1A200227576 /* MyWallDraftTests */,
			);
		};
/* End PBXProject section */

/* Begin PBXResourcesBuildPhase section */
		CA34486C1B3CC1A200227576 /* Resources */ = {
			isa = PBXResourcesBuildPhase;
			buildActionMask = 2147483647;
			files = (
				CA34487D1B3CC1A200227576 /* Main.storyboard in Resources */,
				CA3448821B3CC1A200227576 /* LaunchScreen.xib in Resources */,
				CA4032791B41FD9700ADB08C /* thumbnailPlaceHolder.jpg in Resources */,
				CA34487F1B3CC1A200227576 /* Images.xcassets in Resources */,
			);
			runOnlyForDeploymentPostprocessing = 0;
		};
		CA3448851B3CC1A200227576 /* Resources */ = {
			isa = PBXResourcesBuildPhase;
			buildActionMask = 2147483647;
			files = (
			);
			runOnlyForDeploymentPostprocessing = 0;
		};
/* End PBXResourcesBuildPhase section */

/* Begin PBXSourcesBuildPhase section */
		CA34486A1B3CC1A200227576 /* Sources */ = {
			isa = PBXSourcesBuildPhase;
			buildActionMask = 2147483647;
			files = (
				CA34487A1B3CC1A200227576 /* ViewController.m in Sources */,
				CA34489C1B3DD35D00227576 /* PlanCell.m in Sources */,
				CA3448771B3CC1A200227576 /* AppDelegate.m in Sources */,
				CA689AF11B3E0C3A008BD7C0 /* CollectionViewController.m in Sources */,
				CA4032741B41E05000ADB08C /* Plan.m in Sources */,
				CA3448741B3CC1A200227576 /* main.m in Sources */,
			);
			runOnlyForDeploymentPostprocessing = 0;
		};
		CA3448831B3CC1A200227576 /* Sources */ = {
			isa = PBXSourcesBuildPhase;
			buildActionMask = 2147483647;
			files = (
				CA34488E1B3CC1A200227576 /* MyWallDraftTests.m in Sources */,
			);
			runOnlyForDeploymentPostprocessing = 0;
		};
/* End PBXSourcesBuildPhase section */

/* Begin PBXTargetDependency section */
		CA3448891B3CC1A200227576 /* PBXTargetDependency */ = {
			isa = PBXTargetDependency;
			target = CA34486D1B3CC1A200227576 /* MyWallDraft */;
			targetProxy = CA3448881B3CC1A200227576 /* PBXContainerItemProxy */;
		};
/* End PBXTargetDependency section */

/* Begin PBXVariantGroup section */
		CA34487B1B3CC1A200227576 /* Main.storyboard */ = {
			isa = PBXVariantGroup;
			children = (
				CA34487C1B3CC1A200227576 /* Base */,
			);
			name = Main.storyboard;
			sourceTree = "<group>";
		};
		CA3448801B3CC1A200227576 /* LaunchScreen.xib */ = {
			isa = PBXVariantGroup;
			children = (
				CA3448811B3CC1A200227576 /* Base */,
			);
			name = LaunchScreen.xib;
			sourceTree = "<group>";
		};
/* End PBXVariantGroup section */

/* Begin XCBuildConfiguration section */
		CA34488F1B3CC1A200227576 /* Debug */ = {
			isa = XCBuildConfiguration;
			buildSettings = {
				ALWAYS_SEARCH_USER_PATHS = NO;
				CLANG_CXX_LANGUAGE_STANDARD = "gnu++0x";
				CLANG_CXX_LIBRARY = "libc++";
				CLANG_ENABLE_MODULES = YES;
				CLANG_ENABLE_OBJC_ARC = YES;
				CLANG_WARN_BOOL_CONVERSION = YES;
				CLANG_WARN_CONSTANT_CONVERSION = YES;
				CLANG_WARN_DIRECT_OBJC_ISA_USAGE = YES_ERROR;
				CLANG_WARN_EMPTY_BODY = YES;
				CLANG_WARN_ENUM_CONVERSION = YES;
				CLANG_WARN_INT_CONVERSION = YES;
				CLANG_WARN_OBJC_ROOT_CLASS = YES_ERROR;
				CLANG_WARN_UNREACHABLE_CODE = YES;
				CLANG_WARN__DUPLICATE_METHOD_MATCH = YES;
				"CODE_SIGN_IDENTITY[sdk=iphoneos*]" = "iPhone Developer";
				COPY_PHASE_STRIP = NO;
				DEBUG_INFORMATION_FORMAT = "dwarf-with-dsym";
				ENABLE_STRICT_OBJC_MSGSEND = YES;
				GCC_C_LANGUAGE_STANDARD = gnu99;
				GCC_DYNAMIC_NO_PIC = NO;
				GCC_NO_COMMON_BLOCKS = YES;
				GCC_OPTIMIZATION_LEVEL = 0;
				GCC_PREPROCESSOR_DEFINITIONS = (
					"DEBUG=1",
					"$(inherited)",
				);
				GCC_SYMBOLS_PRIVATE_EXTERN = NO;
				GCC_WARN_64_TO_32_BIT_CONVERSION = YES;
				GCC_WARN_ABOUT_RETURN_TYPE = YES_ERROR;
				GCC_WARN_UNDECLARED_SELECTOR = YES;
				GCC_WARN_UNINITIALIZED_AUTOS = YES_AGGRESSIVE;
				GCC_WARN_UNUSED_FUNCTION = YES;
				GCC_WARN_UNUSED_VARIABLE = YES;
				IPHONEOS_DEPLOYMENT_TARGET = 8.3;
				MTL_ENABLE_DEBUG_INFO = YES;
				ONLY_ACTIVE_ARCH = YES;
				SDKROOT = iphoneos;
				TARGETED_DEVICE_FAMILY = 2;
			};
			name = Debug;
		};
		CA3448901B3CC1A200227576 /* Release */ = {
			isa = XCBuildConfiguration;
			buildSettings = {
				ALWAYS_SEARCH_USER_PATHS = NO;
				CLANG_CXX_LANGUAGE_STANDARD = "gnu++0x";
				CLANG_CXX_LIBRARY = "libc++";
				CLANG_ENABLE_MODULES = YES;
				CLANG_ENABLE_OBJC_ARC = YES;
				CLANG_WARN_BOOL_CONVERSION = YES;
				CLANG_WARN_CONSTANT_CONVERSION = YES;
				CLANG_WARN_DIRECT_OBJC_ISA_USAGE = YES_ERROR;
				CLANG_WARN_EMPTY_BODY = YES;
				CLANG_WARN_ENUM_CONVERSION = YES;
				CLANG_WARN_INT_CONVERSION = YES;
				CLANG_WARN_OBJC_ROOT_CLASS = YES_ERROR;
				CLANG_WARN_UNREACHABLE_CODE = YES;
				CLANG_WARN__DUPLICATE_METHOD_MATCH = YES;
				"CODE_SIGN_IDENTITY[sdk=iphoneos*]" = "iPhone Developer";
				COPY_PHASE_STRIP = NO;
				DEBUG_INFORMATION_FORMAT = "dwarf-with-dsym";
				ENABLE_NS_ASSERTIONS = NO;
				ENABLE_STRICT_OBJC_MSGSEND = YES;
				GCC_C_LANGUAGE_STANDARD = gnu99;
				GCC_NO_COMMON_BLOCKS = YES;
				GCC_WARN_64_TO_32_BIT_CONVERSION = YES;
				GCC_WARN_ABOUT_RETURN_TYPE = YES_ERROR;
				GCC_WARN_UNDECLARED_SELECTOR = YES;
				GCC_WARN_UNINITIALIZED_AUTOS = YES_AGGRESSIVE;
				GCC_WARN_UNUSED_FUNCTION = YES;
				GCC_WARN_UNUSED_VARIABLE = YES;
				IPHONEOS_DEPLOYMENT_TARGET = 8.3;
				MTL_ENABLE_DEBUG_INFO = NO;
				SDKROOT = iphoneos;
				TARGETED_DEVICE_FAMILY = 2;
				VALIDATE_PRODUCT = YES;
			};
			name = Release;
		};
		CA3448921B3CC1A200227576 /* Debug */ = {
			isa = XCBuildConfiguration;
			buildSettings = {
				ASSETCATALOG_COMPILER_APPICON_NAME = AppIcon;
				INFOPLIST_FILE = MyWallDraft/Info.plist;
				LD_RUNPATH_SEARCH_PATHS = "$(inherited) @executable_path/Frameworks";
				PRODUCT_NAME = "$(TARGET_NAME)";
			};
			name = Debug;
		};
		CA3448931B3CC1A200227576 /* Release */ = {
			isa = XCBuildConfiguration;
			buildSettings = {
				ASSETCATALOG_COMPILER_APPICON_NAME = AppIcon;
				INFOPLIST_FILE = MyWallDraft/Info.plist;
				LD_RUNPATH_SEARCH_PATHS = "$(inherited) @executable_path/Frameworks";
				PRODUCT_NAME = "$(TARGET_NAME)";
			};
			name = Release;
		};
		CA3448951B3CC1A200227576 /* Debug */ = {
			isa = XCBuildConfiguration;
			buildSettings = {
				BUNDLE_LOADER = "$(TEST_HOST)";
				FRAMEWORK_SEARCH_PATHS = (
					"$(SDKROOT)/Developer/Library/Frameworks",
					"$(inherited)",
				);
				GCC_PREPROCESSOR_DEFINITIONS = (
					"DEBUG=1",
					"$(inherited)",
				);
				INFOPLIST_FILE = MyWallDraftTests/Info.plist;
				LD_RUNPATH_SEARCH_PATHS = "$(inherited) @executable_path/Frameworks @loader_path/Frameworks";
				PRODUCT_NAME = "$(TARGET_NAME)";
				TEST_HOST = "$(BUILT_PRODUCTS_DIR)/MyWallDraft.app/MyWallDraft";
			};
			name = Debug;
		};
		CA3448961B3CC1A200227576 /* Release */ = {
			isa = XCBuildConfiguration;
			buildSettings = {
				BUNDLE_LOADER = "$(TEST_HOST)";
				FRAMEWORK_SEARCH_PATHS = (
					"$(SDKROOT)/Developer/Library/Frameworks",
					"$(inherited)",
				);
				INFOPLIST_FILE = MyWallDraftTests/Info.plist;
				LD_RUNPATH_SEARCH_PATHS = "$(inherited) @executable_path/Frameworks @loader_path/Frameworks";
				PRODUCT_NAME = "$(TARGET_NAME)";
				TEST_HOST = "$(BUILT_PRODUCTS_DIR)/MyWallDraft.app/MyWallDraft";
			};
			name = Release;
		};
/* End XCBuildConfiguration section */

/* Begin XCConfigurationList section */
		CA3448691B3CC1A200227576 /* Build configuration list for PBXProject "MyWallDraft" */ = {
			isa = XCConfigurationList;
			buildConfigurations = (
				CA34488F1B3CC1A200227576 /* Debug */,
				CA3448901B3CC1A200227576 /* Release */,
			);
			defaultConfigurationIsVisible = 0;
			defaultConfigurationName = Release;
		};
		CA3448911B3CC1A200227576 /* Build configuration list for PBXNativeTarget "MyWallDraft" */ = {
			isa = XCConfigurationList;
			buildConfigurations = (
				CA3448921B3CC1A200227576 /* Debug */,
				CA3448931B3CC1A200227576 /* Release */,
			);
			defaultConfigurationIsVisible = 0;
			defaultConfigurationName = Release;
		};
		CA3448941B3CC1A200227576 /* Build configuration list for PBXNativeTarget "MyWallDraftTests" */ = {
			isa = XCConfigurationList;
			buildConfigurations = (
				CA3448951B3CC1A200227576 /* Debug */,
				CA3448961B3CC1A200227576 /* Release */,
			);
			defaultConfigurationIsVisible = 0;
			defaultConfigurationName = Release;
		};
/* End XCConfigurationList section */
	};
	rootObject = CA3448661B3CC1A200227576 /* Project object */;
}
